
Microsoft Visual Studio Solution File, Format Version 12.00
# Visual Studio 2012
Project("{FAE04EC0-301F-11D3-BF4B-00C04F79EFBC}") = "TestWeatherAppUI", "TestWeatherAppUI\TestWeatherAppUI.csproj", "{77457845-C28B-444C-9882-1A9934DED9EA}"
EndProject
Global
	GlobalSection(SolutionConfigurationPlatforms) = preSolution
		Debug|Any CPU = Debug|Any CPU
		Release|Any CPU = Release|Any CPU
	EndGlobalSection
	GlobalSection(ProjectConfigurationPlatforms) = postSolution
		{77457845-C28B-444C-9882-1A9934DED9EA}.Debug|Any CPU.ActiveCfg = Debug|Any CPU
		{77457845-C28B-444C-9882-1A9934DED9EA}.Debug|Any CPU.Build.0 = Debug|Any CPU
		{77457845-C28B-444C-9882-1A9934DED9EA}.Release|Any CPU.ActiveCfg = Release|Any CPU
		{77457845-C28B-444C-9882-1A9934DED9EA}.Release|Any CPU.Build.0 = Release|Any CPU
	EndGlobalSection
EndGlobal
