
Microsoft Visual Studio Solution File, Format Version 12.00
# Visual Studio 14
VisualStudioVersion = 14.0.25420.1
MinimumVisualStudioVersion = 10.0.40219.1
Project("{FAE04EC0-301F-11D3-BF4B-00C04F79EFBC}") = "eXam.Droid", "eXam\eXam.Droid\eXam.Droid.csproj", "{C23B0E77-B7B8-413A-ADB2-0652BDC675CC}"
EndProject
Project("{FAE04EC0-301F-11D3-BF4B-00C04F79EFBC}") = "eXam.iOS", "eXam\eXam.iOS\eXam.iOS.csproj", "{687955E6-0CAB-41FB-B578-39D741484596}"
EndProject
Project("{FAE04EC0-301F-11D3-BF4B-00C04F79EFBC}") = "eXam.WinPhone", "eXam\eXam.WinPhone\eXam.WinPhone.csproj", "{D1922C72-65A9-4656-BB99-8D96E500A8BE}"
EndProject
Project("{FAE04EC0-301F-11D3-BF4B-00C04F79EFBC}") = "eXam.UWP", "eXam\eXam.UWP\eXam.UWP.csproj", "{7C3FBAA5-8A9D-4A37-BCF8-EFF1803D18DA}"
EndProject
Project("{FAE04EC0-301F-11D3-BF4B-00C04F79EFBC}") = "eXam.Windows", "eXam\eXam.Windows\eXam.Windows.csproj", "{CE67550D-C9DF-42DE-AFEC-EE4221AC3A4C}"
EndProject
Project("{FAE04EC0-301F-11D3-BF4B-00C04F79EFBC}") = "eXam", "eXam\eXam\eXam.csproj", "{281F83A1-AF13-4B44-B595-58545E995A44}"
EndProject
Project("{FAE04EC0-301F-11D3-BF4B-00C04F79EFBC}") = "eXam.UnitTests", "exam\eXam.UnitTests\eXam.UnitTests.csproj", "{753A485C-9491-4753-97A9-22BBD410E9BD}"
EndProject
Project("{FAE04EC0-301F-11D3-BF4B-00C04F79EFBC}") = "eXam.AutomatedTests", "exam\eXam.AutomatedTests\eXam.AutomatedTests.csproj", "{4635E436-5DAF-4EAA-9FC8-C6F1869A2CBE}"
EndProject
Global
	GlobalSection(SolutionConfigurationPlatforms) = preSolution
		Ad-Hoc|Any CPU = Ad-Hoc|Any CPU
		Ad-Hoc|ARM = Ad-Hoc|ARM
		Ad-Hoc|iPhone = Ad-Hoc|iPhone
		Ad-Hoc|iPhoneSimulator = Ad-Hoc|iPhoneSimulator
		Ad-Hoc|x64 = Ad-Hoc|x64
		Ad-Hoc|x86 = Ad-Hoc|x86
		AppStore|Any CPU = AppStore|Any CPU
		AppStore|ARM = AppStore|ARM
		AppStore|iPhone = AppStore|iPhone
		AppStore|iPhoneSimulator = AppStore|iPhoneSimulator
		AppStore|x64 = AppStore|x64
		AppStore|x86 = AppStore|x86
		Debug|Any CPU = Debug|Any CPU
		Debug|ARM = Debug|ARM
		Debug|iPhone = Debug|iPhone
		Debug|iPhoneSimulator = Debug|iPhoneSimulator
		Debug|x64 = Debug|x64
		Debug|x86 = Debug|x86
		Release|Any CPU = Release|Any CPU
		Release|ARM = Release|ARM
		Release|iPhone = Release|iPhone
		Release|iPhoneSimulator = Release|iPhoneSimulator
		Release|x64 = Release|x64
		Release|x86 = Release|x86
	EndGlobalSection
	GlobalSection(ProjectConfigurationPlatforms) = postSolution
		{C23B0E77-B7B8-413A-ADB2-0652BDC675CC}.Ad-Hoc|Any CPU.ActiveCfg = Release|Any CPU
		{C23B0E77-B7B8-413A-ADB2-0652BDC675CC}.Ad-Hoc|Any CPU.Build.0 = Release|Any CPU
		{C23B0E77-B7B8-413A-ADB2-0652BDC675CC}.Ad-Hoc|Any CPU.Deploy.0 = Release|Any CPU
		{C23B0E77-B7B8-413A-ADB2-0652BDC675CC}.Ad-Hoc|ARM.ActiveCfg = Release|Any CPU
		{C23B0E77-B7B8-413A-ADB2-0652BDC675CC}.Ad-Hoc|ARM.Build.0 = Release|Any CPU
		{C23B0E77-B7B8-413A-ADB2-0652BDC675CC}.Ad-Hoc|ARM.Deploy.0 = Release|Any CPU
		{C23B0E77-B7B8-413A-ADB2-0652BDC675CC}.Ad-Hoc|iPhone.ActiveCfg = Release|Any CPU
		{C23B0E77-B7B8-413A-ADB2-0652BDC675CC}.Ad-Hoc|iPhone.Build.0 = Release|Any CPU
		{C23B0E77-B7B8-413A-ADB2-0652BDC675CC}.Ad-Hoc|iPhone.Deploy.0 = Release|Any CPU
		{C23B0E77-B7B8-413A-ADB2-0652BDC675CC}.Ad-Hoc|iPhoneSimulator.ActiveCfg = Release|Any CPU
		{C23B0E77-B7B8-413A-ADB2-0652BDC675CC}.Ad-Hoc|iPhoneSimulator.Build.0 = Release|Any CPU
		{C23B0E77-B7B8-413A-ADB2-0652BDC675CC}.Ad-Hoc|iPhoneSimulator.Deploy.0 = Release|Any CPU
		{C23B0E77-B7B8-413A-ADB2-0652BDC675CC}.Ad-Hoc|x64.ActiveCfg = Release|Any CPU
		{C23B0E77-B7B8-413A-ADB2-0652BDC675CC}.Ad-Hoc|x64.Build.0 = Release|Any CPU
		{C23B0E77-B7B8-413A-ADB2-0652BDC675CC}.Ad-Hoc|x64.Deploy.0 = Release|Any CPU
		{C23B0E77-B7B8-413A-ADB2-0652BDC675CC}.Ad-Hoc|x86.ActiveCfg = Release|Any CPU
		{C23B0E77-B7B8-413A-ADB2-0652BDC675CC}.Ad-Hoc|x86.Build.0 = Release|Any CPU
		{C23B0E77-B7B8-413A-ADB2-0652BDC675CC}.Ad-Hoc|x86.Deploy.0 = Release|Any CPU
		{C23B0E77-B7B8-413A-ADB2-0652BDC675CC}.AppStore|Any CPU.ActiveCfg = Release|Any CPU
		{C23B0E77-B7B8-413A-ADB2-0652BDC675CC}.AppStore|Any CPU.Build.0 = Release|Any CPU
		{C23B0E77-B7B8-413A-ADB2-0652BDC675CC}.AppStore|Any CPU.Deploy.0 = Release|Any CPU
		{C23B0E77-B7B8-413A-ADB2-0652BDC675CC}.AppStore|ARM.ActiveCfg = Release|Any CPU
		{C23B0E77-B7B8-413A-ADB2-0652BDC675CC}.AppStore|ARM.Build.0 = Release|Any CPU
		{C23B0E77-B7B8-413A-ADB2-0652BDC675CC}.AppStore|ARM.Deploy.0 = Release|Any CPU
		{C23B0E77-B7B8-413A-ADB2-0652BDC675CC}.AppStore|iPhone.ActiveCfg = Release|Any CPU
		{C23B0E77-B7B8-413A-ADB2-0652BDC675CC}.AppStore|iPhone.Build.0 = Release|Any CPU
		{C23B0E77-B7B8-413A-ADB2-0652BDC675CC}.AppStore|iPhone.Deploy.0 = Release|Any CPU
		{C23B0E77-B7B8-413A-ADB2-0652BDC675CC}.AppStore|iPhoneSimulator.ActiveCfg = Release|Any CPU
		{C23B0E77-B7B8-413A-ADB2-0652BDC675CC}.AppStore|iPhoneSimulator.Build.0 = Release|Any CPU
		{C23B0E77-B7B8-413A-ADB2-0652BDC675CC}.AppStore|iPhoneSimulator.Deploy.0 = Release|Any CPU
		{C23B0E77-B7B8-413A-ADB2-0652BDC675CC}.AppStore|x64.ActiveCfg = Release|Any CPU
		{C23B0E77-B7B8-413A-ADB2-0652BDC675CC}.AppStore|x64.Build.0 = Release|Any CPU
		{C23B0E77-B7B8-413A-ADB2-0652BDC675CC}.AppStore|x64.Deploy.0 = Release|Any CPU
		{C23B0E77-B7B8-413A-ADB2-0652BDC675CC}.AppStore|x86.ActiveCfg = Release|Any CPU
		{C23B0E77-B7B8-413A-ADB2-0652BDC675CC}.AppStore|x86.Build.0 = Release|Any CPU
		{C23B0E77-B7B8-413A-ADB2-0652BDC675CC}.AppStore|x86.Deploy.0 = Release|Any CPU
		{C23B0E77-B7B8-413A-ADB2-0652BDC675CC}.Debug|Any CPU.ActiveCfg = Debug|Any CPU
		{C23B0E77-B7B8-413A-ADB2-0652BDC675CC}.Debug|Any CPU.Build.0 = Debug|Any CPU
		{C23B0E77-B7B8-413A-ADB2-0652BDC675CC}.Debug|Any CPU.Deploy.0 = Debug|Any CPU
		{C23B0E77-B7B8-413A-ADB2-0652BDC675CC}.Debug|ARM.ActiveCfg = Debug|Any CPU
		{C23B0E77-B7B8-413A-ADB2-0652BDC675CC}.Debug|ARM.Build.0 = Debug|Any CPU
		{C23B0E77-B7B8-413A-ADB2-0652BDC675CC}.Debug|ARM.Deploy.0 = Debug|Any CPU
		{C23B0E77-B7B8-413A-ADB2-0652BDC675CC}.Debug|iPhone.ActiveCfg = Debug|Any CPU
		{C23B0E77-B7B8-413A-ADB2-0652BDC675CC}.Debug|iPhone.Build.0 = Debug|Any CPU
		{C23B0E77-B7B8-413A-ADB2-0652BDC675CC}.Debug|iPhone.Deploy.0 = Debug|Any CPU
		{C23B0E77-B7B8-413A-ADB2-0652BDC675CC}.Debug|iPhoneSimulator.ActiveCfg = Debug|Any CPU
		{C23B0E77-B7B8-413A-ADB2-0652BDC675CC}.Debug|iPhoneSimulator.Build.0 = Debug|Any CPU
		{C23B0E77-B7B8-413A-ADB2-0652BDC675CC}.Debug|iPhoneSimulator.Deploy.0 = Debug|Any CPU
		{C23B0E77-B7B8-413A-ADB2-0652BDC675CC}.Debug|x64.ActiveCfg = Debug|Any CPU
		{C23B0E77-B7B8-413A-ADB2-0652BDC675CC}.Debug|x64.Build.0 = Debug|Any CPU
		{C23B0E77-B7B8-413A-ADB2-0652BDC675CC}.Debug|x64.Deploy.0 = Debug|Any CPU
		{C23B0E77-B7B8-413A-ADB2-0652BDC675CC}.Debug|x86.ActiveCfg = Debug|Any CPU
		{C23B0E77-B7B8-413A-ADB2-0652BDC675CC}.Debug|x86.Build.0 = Debug|Any CPU
		{C23B0E77-B7B8-413A-ADB2-0652BDC675CC}.Debug|x86.Deploy.0 = Debug|Any CPU
		{C23B0E77-B7B8-413A-ADB2-0652BDC675CC}.Release|Any CPU.ActiveCfg = Release|Any CPU
		{C23B0E77-B7B8-413A-ADB2-0652BDC675CC}.Release|Any CPU.Build.0 = Release|Any CPU
		{C23B0E77-B7B8-413A-ADB2-0652BDC675CC}.Release|Any CPU.Deploy.0 = Release|Any CPU
		{C23B0E77-B7B8-413A-ADB2-0652BDC675CC}.Release|ARM.ActiveCfg = Release|Any CPU
		{C23B0E77-B7B8-413A-ADB2-0652BDC675CC}.Release|ARM.Build.0 = Release|Any CPU
		{C23B0E77-B7B8-413A-ADB2-0652BDC675CC}.Release|ARM.Deploy.0 = Release|Any CPU
		{C23B0E77-B7B8-413A-ADB2-0652BDC675CC}.Release|iPhone.ActiveCfg = Release|Any CPU
		{C23B0E77-B7B8-413A-ADB2-0652BDC675CC}.Release|iPhone.Build.0 = Release|Any CPU
		{C23B0E77-B7B8-413A-ADB2-0652BDC675CC}.Release|iPhone.Deploy.0 = Release|Any CPU
		{C23B0E77-B7B8-413A-ADB2-0652BDC675CC}.Release|iPhoneSimulator.ActiveCfg = Release|Any CPU
		{C23B0E77-B7B8-413A-ADB2-0652BDC675CC}.Release|iPhoneSimulator.Build.0 = Release|Any CPU
		{C23B0E77-B7B8-413A-ADB2-0652BDC675CC}.Release|iPhoneSimulator.Deploy.0 = Release|Any CPU
		{C23B0E77-B7B8-413A-ADB2-0652BDC675CC}.Release|x64.ActiveCfg = Release|Any CPU
		{C23B0E77-B7B8-413A-ADB2-0652BDC675CC}.Release|x64.Build.0 = Release|Any CPU
		{C23B0E77-B7B8-413A-ADB2-0652BDC675CC}.Release|x64.Deploy.0 = Release|Any CPU
		{C23B0E77-B7B8-413A-ADB2-0652BDC675CC}.Release|x86.ActiveCfg = Release|Any CPU
		{C23B0E77-B7B8-413A-ADB2-0652BDC675CC}.Release|x86.Build.0 = Release|Any CPU
		{C23B0E77-B7B8-413A-ADB2-0652BDC675CC}.Release|x86.Deploy.0 = Release|Any CPU
		{687955E6-0CAB-41FB-B578-39D741484596}.Ad-Hoc|Any CPU.ActiveCfg = Ad-Hoc|iPhone
		{687955E6-0CAB-41FB-B578-39D741484596}.Ad-Hoc|ARM.ActiveCfg = Ad-Hoc|iPhone
		{687955E6-0CAB-41FB-B578-39D741484596}.Ad-Hoc|iPhone.ActiveCfg = Ad-Hoc|iPhone
		{687955E6-0CAB-41FB-B578-39D741484596}.Ad-Hoc|iPhone.Build.0 = Ad-Hoc|iPhone
		{687955E6-0CAB-41FB-B578-39D741484596}.Ad-Hoc|iPhoneSimulator.ActiveCfg = Ad-Hoc|iPhoneSimulator
		{687955E6-0CAB-41FB-B578-39D741484596}.Ad-Hoc|iPhoneSimulator.Build.0 = Ad-Hoc|iPhoneSimulator
		{687955E6-0CAB-41FB-B578-39D741484596}.Ad-Hoc|x64.ActiveCfg = Ad-Hoc|iPhone
		{687955E6-0CAB-41FB-B578-39D741484596}.Ad-Hoc|x86.ActiveCfg = Ad-Hoc|iPhone
		{687955E6-0CAB-41FB-B578-39D741484596}.AppStore|Any CPU.ActiveCfg = AppStore|iPhone
		{687955E6-0CAB-41FB-B578-39D741484596}.AppStore|ARM.ActiveCfg = AppStore|iPhone
		{687955E6-0CAB-41FB-B578-39D741484596}.AppStore|iPhone.ActiveCfg = AppStore|iPhone
		{687955E6-0CAB-41FB-B578-39D741484596}.AppStore|iPhone.Build.0 = AppStore|iPhone
		{687955E6-0CAB-41FB-B578-39D741484596}.AppStore|iPhoneSimulator.ActiveCfg = AppStore|iPhoneSimulator
		{687955E6-0CAB-41FB-B578-39D741484596}.AppStore|iPhoneSimulator.Build.0 = AppStore|iPhoneSimulator
		{687955E6-0CAB-41FB-B578-39D741484596}.AppStore|x64.ActiveCfg = AppStore|iPhone
		{687955E6-0CAB-41FB-B578-39D741484596}.AppStore|x86.ActiveCfg = AppStore|iPhone
		{687955E6-0CAB-41FB-B578-39D741484596}.Debug|Any CPU.ActiveCfg = Debug|iPhone
		{687955E6-0CAB-41FB-B578-39D741484596}.Debug|ARM.ActiveCfg = Debug|iPhone
		{687955E6-0CAB-41FB-B578-39D741484596}.Debug|iPhone.ActiveCfg = Debug|iPhone
		{687955E6-0CAB-41FB-B578-39D741484596}.Debug|iPhone.Build.0 = Debug|iPhone
		{687955E6-0CAB-41FB-B578-39D741484596}.Debug|iPhoneSimulator.ActiveCfg = Debug|iPhoneSimulator
		{687955E6-0CAB-41FB-B578-39D741484596}.Debug|iPhoneSimulator.Build.0 = Debug|iPhoneSimulator
		{687955E6-0CAB-41FB-B578-39D741484596}.Debug|x64.ActiveCfg = Debug|iPhone
		{687955E6-0CAB-41FB-B578-39D741484596}.Debug|x86.ActiveCfg = Debug|iPhone
		{687955E6-0CAB-41FB-B578-39D741484596}.Release|Any CPU.ActiveCfg = Release|iPhone
		{687955E6-0CAB-41FB-B578-39D741484596}.Release|ARM.ActiveCfg = Release|iPhone
		{687955E6-0CAB-41FB-B578-39D741484596}.Release|iPhone.ActiveCfg = Release|iPhone
		{687955E6-0CAB-41FB-B578-39D741484596}.Release|iPhone.Build.0 = Release|iPhone
		{687955E6-0CAB-41FB-B578-39D741484596}.Release|iPhoneSimulator.ActiveCfg = Release|iPhoneSimulator
		{687955E6-0CAB-41FB-B578-39D741484596}.Release|iPhoneSimulator.Build.0 = Release|iPhoneSimulator
		{687955E6-0CAB-41FB-B578-39D741484596}.Release|x64.ActiveCfg = Release|iPhone
		{687955E6-0CAB-41FB-B578-39D741484596}.Release|x86.ActiveCfg = Release|iPhone
		{D1922C72-65A9-4656-BB99-8D96E500A8BE}.Ad-Hoc|Any CPU.ActiveCfg = Release|Any CPU
		{D1922C72-65A9-4656-BB99-8D96E500A8BE}.Ad-Hoc|Any CPU.Build.0 = Release|Any CPU
		{D1922C72-65A9-4656-BB99-8D96E500A8BE}.Ad-Hoc|Any CPU.Deploy.0 = Release|Any CPU
		{D1922C72-65A9-4656-BB99-8D96E500A8BE}.Ad-Hoc|ARM.ActiveCfg = Release|ARM
		{D1922C72-65A9-4656-BB99-8D96E500A8BE}.Ad-Hoc|ARM.Build.0 = Release|ARM
		{D1922C72-65A9-4656-BB99-8D96E500A8BE}.Ad-Hoc|ARM.Deploy.0 = Release|ARM
		{D1922C72-65A9-4656-BB99-8D96E500A8BE}.Ad-Hoc|iPhone.ActiveCfg = Release|Any CPU
		{D1922C72-65A9-4656-BB99-8D96E500A8BE}.Ad-Hoc|iPhone.Build.0 = Release|Any CPU
		{D1922C72-65A9-4656-BB99-8D96E500A8BE}.Ad-Hoc|iPhone.Deploy.0 = Release|Any CPU
		{D1922C72-65A9-4656-BB99-8D96E500A8BE}.Ad-Hoc|iPhoneSimulator.ActiveCfg = Release|Any CPU
		{D1922C72-65A9-4656-BB99-8D96E500A8BE}.Ad-Hoc|iPhoneSimulator.Build.0 = Release|Any CPU
		{D1922C72-65A9-4656-BB99-8D96E500A8BE}.Ad-Hoc|iPhoneSimulator.Deploy.0 = Release|Any CPU
		{D1922C72-65A9-4656-BB99-8D96E500A8BE}.Ad-Hoc|x64.ActiveCfg = Release|Any CPU
		{D1922C72-65A9-4656-BB99-8D96E500A8BE}.Ad-Hoc|x64.Build.0 = Release|Any CPU
		{D1922C72-65A9-4656-BB99-8D96E500A8BE}.Ad-Hoc|x64.Deploy.0 = Release|Any CPU
		{D1922C72-65A9-4656-BB99-8D96E500A8BE}.Ad-Hoc|x86.ActiveCfg = Release|x86
		{D1922C72-65A9-4656-BB99-8D96E500A8BE}.Ad-Hoc|x86.Build.0 = Release|x86
		{D1922C72-65A9-4656-BB99-8D96E500A8BE}.Ad-Hoc|x86.Deploy.0 = Release|x86
		{D1922C72-65A9-4656-BB99-8D96E500A8BE}.AppStore|Any CPU.ActiveCfg = Release|Any CPU
		{D1922C72-65A9-4656-BB99-8D96E500A8BE}.AppStore|Any CPU.Build.0 = Release|Any CPU
		{D1922C72-65A9-4656-BB99-8D96E500A8BE}.AppStore|Any CPU.Deploy.0 = Release|Any CPU
		{D1922C72-65A9-4656-BB99-8D96E500A8BE}.AppStore|ARM.ActiveCfg = Release|ARM
		{D1922C72-65A9-4656-BB99-8D96E500A8BE}.AppStore|ARM.Build.0 = Release|ARM
		{D1922C72-65A9-4656-BB99-8D96E500A8BE}.AppStore|ARM.Deploy.0 = Release|ARM
		{D1922C72-65A9-4656-BB99-8D96E500A8BE}.AppStore|iPhone.ActiveCfg = Release|Any CPU
		{D1922C72-65A9-4656-BB99-8D96E500A8BE}.AppStore|iPhone.Build.0 = Release|Any CPU
		{D1922C72-65A9-4656-BB99-8D96E500A8BE}.AppStore|iPhone.Deploy.0 = Release|Any CPU
		{D1922C72-65A9-4656-BB99-8D96E500A8BE}.AppStore|iPhoneSimulator.ActiveCfg = Release|Any CPU
		{D1922C72-65A9-4656-BB99-8D96E500A8BE}.AppStore|iPhoneSimulator.Build.0 = Release|Any CPU
		{D1922C72-65A9-4656-BB99-8D96E500A8BE}.AppStore|iPhoneSimulator.Deploy.0 = Release|Any CPU
		{D1922C72-65A9-4656-BB99-8D96E500A8BE}.AppStore|x64.ActiveCfg = Release|Any CPU
		{D1922C72-65A9-4656-BB99-8D96E500A8BE}.AppStore|x64.Build.0 = Release|Any CPU
		{D1922C72-65A9-4656-BB99-8D96E500A8BE}.AppStore|x64.Deploy.0 = Release|Any CPU
		{D1922C72-65A9-4656-BB99-8D96E500A8BE}.AppStore|x86.ActiveCfg = Release|x86
		{D1922C72-65A9-4656-BB99-8D96E500A8BE}.AppStore|x86.Build.0 = Release|x86
		{D1922C72-65A9-4656-BB99-8D96E500A8BE}.AppStore|x86.Deploy.0 = Release|x86
		{D1922C72-65A9-4656-BB99-8D96E500A8BE}.Debug|Any CPU.ActiveCfg = Debug|Any CPU
		{D1922C72-65A9-4656-BB99-8D96E500A8BE}.Debug|Any CPU.Build.0 = Debug|Any CPU
		{D1922C72-65A9-4656-BB99-8D96E500A8BE}.Debug|Any CPU.Deploy.0 = Debug|Any CPU
		{D1922C72-65A9-4656-BB99-8D96E500A8BE}.Debug|ARM.ActiveCfg = Debug|ARM
		{D1922C72-65A9-4656-BB99-8D96E500A8BE}.Debug|ARM.Build.0 = Debug|ARM
		{D1922C72-65A9-4656-BB99-8D96E500A8BE}.Debug|ARM.Deploy.0 = Debug|ARM
		{D1922C72-65A9-4656-BB99-8D96E500A8BE}.Debug|iPhone.ActiveCfg = Debug|Any CPU
		{D1922C72-65A9-4656-BB99-8D96E500A8BE}.Debug|iPhone.Build.0 = Debug|Any CPU
		{D1922C72-65A9-4656-BB99-8D96E500A8BE}.Debug|iPhone.Deploy.0 = Debug|Any CPU
		{D1922C72-65A9-4656-BB99-8D96E500A8BE}.Debug|iPhoneSimulator.ActiveCfg = Debug|Any CPU
		{D1922C72-65A9-4656-BB99-8D96E500A8BE}.Debug|iPhoneSimulator.Build.0 = Debug|Any CPU
		{D1922C72-65A9-4656-BB99-8D96E500A8BE}.Debug|iPhoneSimulator.Deploy.0 = Debug|Any CPU
		{D1922C72-65A9-4656-BB99-8D96E500A8BE}.Debug|x64.ActiveCfg = Debug|Any CPU
		{D1922C72-65A9-4656-BB99-8D96E500A8BE}.Debug|x64.Build.0 = Debug|Any CPU
		{D1922C72-65A9-4656-BB99-8D96E500A8BE}.Debug|x64.Deploy.0 = Debug|Any CPU
		{D1922C72-65A9-4656-BB99-8D96E500A8BE}.Debug|x86.ActiveCfg = Debug|x86
		{D1922C72-65A9-4656-BB99-8D96E500A8BE}.Debug|x86.Build.0 = Debug|x86
		{D1922C72-65A9-4656-BB99-8D96E500A8BE}.Debug|x86.Deploy.0 = Debug|x86
		{D1922C72-65A9-4656-BB99-8D96E500A8BE}.Release|Any CPU.ActiveCfg = Release|Any CPU
		{D1922C72-65A9-4656-BB99-8D96E500A8BE}.Release|Any CPU.Build.0 = Release|Any CPU
		{D1922C72-65A9-4656-BB99-8D96E500A8BE}.Release|Any CPU.Deploy.0 = Release|Any CPU
		{D1922C72-65A9-4656-BB99-8D96E500A8BE}.Release|ARM.ActiveCfg = Release|ARM
		{D1922C72-65A9-4656-BB99-8D96E500A8BE}.Release|ARM.Build.0 = Release|ARM
		{D1922C72-65A9-4656-BB99-8D96E500A8BE}.Release|ARM.Deploy.0 = Release|ARM
		{D1922C72-65A9-4656-BB99-8D96E500A8BE}.Release|iPhone.ActiveCfg = Release|Any CPU
		{D1922C72-65A9-4656-BB99-8D96E500A8BE}.Release|iPhone.Build.0 = Release|Any CPU
		{D1922C72-65A9-4656-BB99-8D96E500A8BE}.Release|iPhone.Deploy.0 = Release|Any CPU
		{D1922C72-65A9-4656-BB99-8D96E500A8BE}.Release|iPhoneSimulator.ActiveCfg = Release|Any CPU
		{D1922C72-65A9-4656-BB99-8D96E500A8BE}.Release|iPhoneSimulator.Build.0 = Release|Any CPU
		{D1922C72-65A9-4656-BB99-8D96E500A8BE}.Release|iPhoneSimulator.Deploy.0 = Release|Any CPU
		{D1922C72-65A9-4656-BB99-8D96E500A8BE}.Release|x64.ActiveCfg = Release|Any CPU
		{D1922C72-65A9-4656-BB99-8D96E500A8BE}.Release|x64.Build.0 = Release|Any CPU
		{D1922C72-65A9-4656-BB99-8D96E500A8BE}.Release|x64.Deploy.0 = Release|Any CPU
		{D1922C72-65A9-4656-BB99-8D96E500A8BE}.Release|x86.ActiveCfg = Release|x86
		{D1922C72-65A9-4656-BB99-8D96E500A8BE}.Release|x86.Build.0 = Release|x86
		{D1922C72-65A9-4656-BB99-8D96E500A8BE}.Release|x86.Deploy.0 = Release|x86
		{7C3FBAA5-8A9D-4A37-BCF8-EFF1803D18DA}.Ad-Hoc|Any CPU.ActiveCfg = Release|x86
		{7C3FBAA5-8A9D-4A37-BCF8-EFF1803D18DA}.Ad-Hoc|Any CPU.Build.0 = Release|x86
		{7C3FBAA5-8A9D-4A37-BCF8-EFF1803D18DA}.Ad-Hoc|Any CPU.Deploy.0 = Release|x86
		{7C3FBAA5-8A9D-4A37-BCF8-EFF1803D18DA}.Ad-Hoc|ARM.ActiveCfg = Release|ARM
		{7C3FBAA5-8A9D-4A37-BCF8-EFF1803D18DA}.Ad-Hoc|ARM.Build.0 = Release|ARM
		{7C3FBAA5-8A9D-4A37-BCF8-EFF1803D18DA}.Ad-Hoc|ARM.Deploy.0 = Release|ARM
		{7C3FBAA5-8A9D-4A37-BCF8-EFF1803D18DA}.Ad-Hoc|iPhone.ActiveCfg = Release|x86
		{7C3FBAA5-8A9D-4A37-BCF8-EFF1803D18DA}.Ad-Hoc|iPhone.Build.0 = Release|x86
		{7C3FBAA5-8A9D-4A37-BCF8-EFF1803D18DA}.Ad-Hoc|iPhone.Deploy.0 = Release|x86
		{7C3FBAA5-8A9D-4A37-BCF8-EFF1803D18DA}.Ad-Hoc|iPhoneSimulator.ActiveCfg = Release|x86
		{7C3FBAA5-8A9D-4A37-BCF8-EFF1803D18DA}.Ad-Hoc|iPhoneSimulator.Build.0 = Release|x86
		{7C3FBAA5-8A9D-4A37-BCF8-EFF1803D18DA}.Ad-Hoc|iPhoneSimulator.Deploy.0 = Release|x86
		{7C3FBAA5-8A9D-4A37-BCF8-EFF1803D18DA}.Ad-Hoc|x64.ActiveCfg = Release|x64
		{7C3FBAA5-8A9D-4A37-BCF8-EFF1803D18DA}.Ad-Hoc|x64.Build.0 = Release|x64
		{7C3FBAA5-8A9D-4A37-BCF8-EFF1803D18DA}.Ad-Hoc|x64.Deploy.0 = Release|x64
		{7C3FBAA5-8A9D-4A37-BCF8-EFF1803D18DA}.Ad-Hoc|x86.ActiveCfg = Release|x86
		{7C3FBAA5-8A9D-4A37-BCF8-EFF1803D18DA}.Ad-Hoc|x86.Build.0 = Release|x86
		{7C3FBAA5-8A9D-4A37-BCF8-EFF1803D18DA}.Ad-Hoc|x86.Deploy.0 = Release|x86
		{7C3FBAA5-8A9D-4A37-BCF8-EFF1803D18DA}.AppStore|Any CPU.ActiveCfg = Release|x86
		{7C3FBAA5-8A9D-4A37-BCF8-EFF1803D18DA}.AppStore|Any CPU.Build.0 = Release|x86
		{7C3FBAA5-8A9D-4A37-BCF8-EFF1803D18DA}.AppStore|Any CPU.Deploy.0 = Release|x86
		{7C3FBAA5-8A9D-4A37-BCF8-EFF1803D18DA}.AppStore|ARM.ActiveCfg = Release|ARM
		{7C3FBAA5-8A9D-4A37-BCF8-EFF1803D18DA}.AppStore|ARM.Build.0 = Release|ARM
		{7C3FBAA5-8A9D-4A37-BCF8-EFF1803D18DA}.AppStore|ARM.Deploy.0 = Release|ARM
		{7C3FBAA5-8A9D-4A37-BCF8-EFF1803D18DA}.AppStore|iPhone.ActiveCfg = Release|x86
		{7C3FBAA5-8A9D-4A37-BCF8-EFF1803D18DA}.AppStore|iPhone.Build.0 = Release|x86
		{7C3FBAA5-8A9D-4A37-BCF8-EFF1803D18DA}.AppStore|iPhone.Deploy.0 = Release|x86
		{7C3FBAA5-8A9D-4A37-BCF8-EFF1803D18DA}.AppStore|iPhoneSimulator.ActiveCfg = Release|x86
		{7C3FBAA5-8A9D-4A37-BCF8-EFF1803D18DA}.AppStore|iPhoneSimulator.Build.0 = Release|x86
		{7C3FBAA5-8A9D-4A37-BCF8-EFF1803D18DA}.AppStore|iPhoneSimulator.Deploy.0 = Release|x86
		{7C3FBAA5-8A9D-4A37-BCF8-EFF1803D18DA}.AppStore|x64.ActiveCfg = Release|x64
		{7C3FBAA5-8A9D-4A37-BCF8-EFF1803D18DA}.AppStore|x64.Build.0 = Release|x64
		{7C3FBAA5-8A9D-4A37-BCF8-EFF1803D18DA}.AppStore|x64.Deploy.0 = Release|x64
		{7C3FBAA5-8A9D-4A37-BCF8-EFF1803D18DA}.AppStore|x86.ActiveCfg = Release|x86
		{7C3FBAA5-8A9D-4A37-BCF8-EFF1803D18DA}.AppStore|x86.Build.0 = Release|x86
		{7C3FBAA5-8A9D-4A37-BCF8-EFF1803D18DA}.AppStore|x86.Deploy.0 = Release|x86
		{7C3FBAA5-8A9D-4A37-BCF8-EFF1803D18DA}.Debug|Any CPU.ActiveCfg = Debug|x86
		{7C3FBAA5-8A9D-4A37-BCF8-EFF1803D18DA}.Debug|Any CPU.Build.0 = Debug|x86
		{7C3FBAA5-8A9D-4A37-BCF8-EFF1803D18DA}.Debug|Any CPU.Deploy.0 = Debug|x86
		{7C3FBAA5-8A9D-4A37-BCF8-EFF1803D18DA}.Debug|ARM.ActiveCfg = Debug|ARM
		{7C3FBAA5-8A9D-4A37-BCF8-EFF1803D18DA}.Debug|ARM.Build.0 = Debug|ARM
		{7C3FBAA5-8A9D-4A37-BCF8-EFF1803D18DA}.Debug|ARM.Deploy.0 = Debug|ARM
		{7C3FBAA5-8A9D-4A37-BCF8-EFF1803D18DA}.Debug|iPhone.ActiveCfg = Debug|x86
		{7C3FBAA5-8A9D-4A37-BCF8-EFF1803D18DA}.Debug|iPhoneSimulator.ActiveCfg = Debug|x86
		{7C3FBAA5-8A9D-4A37-BCF8-EFF1803D18DA}.Debug|x64.ActiveCfg = Debug|x64
		{7C3FBAA5-8A9D-4A37-BCF8-EFF1803D18DA}.Debug|x64.Build.0 = Debug|x64
		{7C3FBAA5-8A9D-4A37-BCF8-EFF1803D18DA}.Debug|x64.Deploy.0 = Debug|x64
		{7C3FBAA5-8A9D-4A37-BCF8-EFF1803D18DA}.Debug|x86.ActiveCfg = Debug|x86
		{7C3FBAA5-8A9D-4A37-BCF8-EFF1803D18DA}.Debug|x86.Build.0 = Debug|x86
		{7C3FBAA5-8A9D-4A37-BCF8-EFF1803D18DA}.Debug|x86.Deploy.0 = Debug|x86
		{7C3FBAA5-8A9D-4A37-BCF8-EFF1803D18DA}.Release|Any CPU.ActiveCfg = Release|x86
		{7C3FBAA5-8A9D-4A37-BCF8-EFF1803D18DA}.Release|ARM.ActiveCfg = Release|ARM
		{7C3FBAA5-8A9D-4A37-BCF8-EFF1803D18DA}.Release|ARM.Build.0 = Release|ARM
		{7C3FBAA5-8A9D-4A37-BCF8-EFF1803D18DA}.Release|ARM.Deploy.0 = Release|ARM
		{7C3FBAA5-8A9D-4A37-BCF8-EFF1803D18DA}.Release|iPhone.ActiveCfg = Release|x86
		{7C3FBAA5-8A9D-4A37-BCF8-EFF1803D18DA}.Release|iPhoneSimulator.ActiveCfg = Release|x86
		{7C3FBAA5-8A9D-4A37-BCF8-EFF1803D18DA}.Release|x64.ActiveCfg = Release|x64
		{7C3FBAA5-8A9D-4A37-BCF8-EFF1803D18DA}.Release|x64.Build.0 = Release|x64
		{7C3FBAA5-8A9D-4A37-BCF8-EFF1803D18DA}.Release|x64.Deploy.0 = Release|x64
		{7C3FBAA5-8A9D-4A37-BCF8-EFF1803D18DA}.Release|x86.ActiveCfg = Release|x86
		{7C3FBAA5-8A9D-4A37-BCF8-EFF1803D18DA}.Release|x86.Build.0 = Release|x86
		{7C3FBAA5-8A9D-4A37-BCF8-EFF1803D18DA}.Release|x86.Deploy.0 = Release|x86
		{CE67550D-C9DF-42DE-AFEC-EE4221AC3A4C}.Ad-Hoc|Any CPU.ActiveCfg = Release|Any CPU
		{CE67550D-C9DF-42DE-AFEC-EE4221AC3A4C}.Ad-Hoc|Any CPU.Build.0 = Release|Any CPU
		{CE67550D-C9DF-42DE-AFEC-EE4221AC3A4C}.Ad-Hoc|Any CPU.Deploy.0 = Release|Any CPU
		{CE67550D-C9DF-42DE-AFEC-EE4221AC3A4C}.Ad-Hoc|ARM.ActiveCfg = Release|ARM
		{CE67550D-C9DF-42DE-AFEC-EE4221AC3A4C}.Ad-Hoc|ARM.Build.0 = Release|ARM
		{CE67550D-C9DF-42DE-AFEC-EE4221AC3A4C}.Ad-Hoc|ARM.Deploy.0 = Release|ARM
		{CE67550D-C9DF-42DE-AFEC-EE4221AC3A4C}.Ad-Hoc|iPhone.ActiveCfg = Release|Any CPU
		{CE67550D-C9DF-42DE-AFEC-EE4221AC3A4C}.Ad-Hoc|iPhone.Build.0 = Release|Any CPU
		{CE67550D-C9DF-42DE-AFEC-EE4221AC3A4C}.Ad-Hoc|iPhone.Deploy.0 = Release|Any CPU
		{CE67550D-C9DF-42DE-AFEC-EE4221AC3A4C}.Ad-Hoc|iPhoneSimulator.ActiveCfg = Release|Any CPU
		{CE67550D-C9DF-42DE-AFEC-EE4221AC3A4C}.Ad-Hoc|iPhoneSimulator.Build.0 = Release|Any CPU
		{CE67550D-C9DF-42DE-AFEC-EE4221AC3A4C}.Ad-Hoc|iPhoneSimulator.Deploy.0 = Release|Any CPU
		{CE67550D-C9DF-42DE-AFEC-EE4221AC3A4C}.Ad-Hoc|x64.ActiveCfg = Release|x64
		{CE67550D-C9DF-42DE-AFEC-EE4221AC3A4C}.Ad-Hoc|x64.Build.0 = Release|x64
		{CE67550D-C9DF-42DE-AFEC-EE4221AC3A4C}.Ad-Hoc|x64.Deploy.0 = Release|x64
		{CE67550D-C9DF-42DE-AFEC-EE4221AC3A4C}.Ad-Hoc|x86.ActiveCfg = Release|x86
		{CE67550D-C9DF-42DE-AFEC-EE4221AC3A4C}.Ad-Hoc|x86.Build.0 = Release|x86
		{CE67550D-C9DF-42DE-AFEC-EE4221AC3A4C}.Ad-Hoc|x86.Deploy.0 = Release|x86
		{CE67550D-C9DF-42DE-AFEC-EE4221AC3A4C}.AppStore|Any CPU.ActiveCfg = Release|Any CPU
		{CE67550D-C9DF-42DE-AFEC-EE4221AC3A4C}.AppStore|Any CPU.Build.0 = Release|Any CPU
		{CE67550D-C9DF-42DE-AFEC-EE4221AC3A4C}.AppStore|Any CPU.Deploy.0 = Release|Any CPU
		{CE67550D-C9DF-42DE-AFEC-EE4221AC3A4C}.AppStore|ARM.ActiveCfg = Release|ARM
		{CE67550D-C9DF-42DE-AFEC-EE4221AC3A4C}.AppStore|ARM.Build.0 = Release|ARM
		{CE67550D-C9DF-42DE-AFEC-EE4221AC3A4C}.AppStore|ARM.Deploy.0 = Release|ARM
		{CE67550D-C9DF-42DE-AFEC-EE4221AC3A4C}.AppStore|iPhone.ActiveCfg = Release|Any CPU
		{CE67550D-C9DF-42DE-AFEC-EE4221AC3A4C}.AppStore|iPhone.Build.0 = Release|Any CPU
		{CE67550D-C9DF-42DE-AFEC-EE4221AC3A4C}.AppStore|iPhone.Deploy.0 = Release|Any CPU
		{CE67550D-C9DF-42DE-AFEC-EE4221AC3A4C}.AppStore|iPhoneSimulator.ActiveCfg = Release|Any CPU
		{CE67550D-C9DF-42DE-AFEC-EE4221AC3A4C}.AppStore|iPhoneSimulator.Build.0 = Release|Any CPU
		{CE67550D-C9DF-42DE-AFEC-EE4221AC3A4C}.AppStore|iPhoneSimulator.Deploy.0 = Release|Any CPU
		{CE67550D-C9DF-42DE-AFEC-EE4221AC3A4C}.AppStore|x64.ActiveCfg = Release|x64
		{CE67550D-C9DF-42DE-AFEC-EE4221AC3A4C}.AppStore|x64.Build.0 = Release|x64
		{CE67550D-C9DF-42DE-AFEC-EE4221AC3A4C}.AppStore|x64.Deploy.0 = Release|x64
		{CE67550D-C9DF-42DE-AFEC-EE4221AC3A4C}.AppStore|x86.ActiveCfg = Release|x86
		{CE67550D-C9DF-42DE-AFEC-EE4221AC3A4C}.AppStore|x86.Build.0 = Release|x86
		{CE67550D-C9DF-42DE-AFEC-EE4221AC3A4C}.AppStore|x86.Deploy.0 = Release|x86
		{CE67550D-C9DF-42DE-AFEC-EE4221AC3A4C}.Debug|Any CPU.ActiveCfg = Debug|Any CPU
		{CE67550D-C9DF-42DE-AFEC-EE4221AC3A4C}.Debug|Any CPU.Build.0 = Debug|Any CPU
		{CE67550D-C9DF-42DE-AFEC-EE4221AC3A4C}.Debug|Any CPU.Deploy.0 = Debug|Any CPU
		{CE67550D-C9DF-42DE-AFEC-EE4221AC3A4C}.Debug|ARM.ActiveCfg = Debug|ARM
		{CE67550D-C9DF-42DE-AFEC-EE4221AC3A4C}.Debug|ARM.Build.0 = Debug|ARM
		{CE67550D-C9DF-42DE-AFEC-EE4221AC3A4C}.Debug|ARM.Deploy.0 = Debug|ARM
		{CE67550D-C9DF-42DE-AFEC-EE4221AC3A4C}.Debug|iPhone.ActiveCfg = Debug|Any CPU
		{CE67550D-C9DF-42DE-AFEC-EE4221AC3A4C}.Debug|iPhone.Build.0 = Debug|Any CPU
		{CE67550D-C9DF-42DE-AFEC-EE4221AC3A4C}.Debug|iPhone.Deploy.0 = Debug|Any CPU
		{CE67550D-C9DF-42DE-AFEC-EE4221AC3A4C}.Debug|iPhoneSimulator.ActiveCfg = Debug|Any CPU
		{CE67550D-C9DF-42DE-AFEC-EE4221AC3A4C}.Debug|iPhoneSimulator.Build.0 = Debug|Any CPU
		{CE67550D-C9DF-42DE-AFEC-EE4221AC3A4C}.Debug|iPhoneSimulator.Deploy.0 = Debug|Any CPU
		{CE67550D-C9DF-42DE-AFEC-EE4221AC3A4C}.Debug|x64.ActiveCfg = Debug|x64
		{CE67550D-C9DF-42DE-AFEC-EE4221AC3A4C}.Debug|x64.Build.0 = Debug|x64
		{CE67550D-C9DF-42DE-AFEC-EE4221AC3A4C}.Debug|x64.Deploy.0 = Debug|x64
		{CE67550D-C9DF-42DE-AFEC-EE4221AC3A4C}.Debug|x86.ActiveCfg = Debug|x86
		{CE67550D-C9DF-42DE-AFEC-EE4221AC3A4C}.Debug|x86.Build.0 = Debug|x86
		{CE67550D-C9DF-42DE-AFEC-EE4221AC3A4C}.Debug|x86.Deploy.0 = Debug|x86
		{CE67550D-C9DF-42DE-AFEC-EE4221AC3A4C}.Release|Any CPU.ActiveCfg = Release|Any CPU
		{CE67550D-C9DF-42DE-AFEC-EE4221AC3A4C}.Release|Any CPU.Build.0 = Release|Any CPU
		{CE67550D-C9DF-42DE-AFEC-EE4221AC3A4C}.Release|Any CPU.Deploy.0 = Release|Any CPU
		{CE67550D-C9DF-42DE-AFEC-EE4221AC3A4C}.Release|ARM.ActiveCfg = Release|ARM
		{CE67550D-C9DF-42DE-AFEC-EE4221AC3A4C}.Release|ARM.Build.0 = Release|ARM
		{CE67550D-C9DF-42DE-AFEC-EE4221AC3A4C}.Release|ARM.Deploy.0 = Release|ARM
		{CE67550D-C9DF-42DE-AFEC-EE4221AC3A4C}.Release|iPhone.ActiveCfg = Release|Any CPU
		{CE67550D-C9DF-42DE-AFEC-EE4221AC3A4C}.Release|iPhone.Build.0 = Release|Any CPU
		{CE67550D-C9DF-42DE-AFEC-EE4221AC3A4C}.Release|iPhone.Deploy.0 = Release|Any CPU
		{CE67550D-C9DF-42DE-AFEC-EE4221AC3A4C}.Release|iPhoneSimulator.ActiveCfg = Release|Any CPU
		{CE67550D-C9DF-42DE-AFEC-EE4221AC3A4C}.Release|iPhoneSimulator.Build.0 = Release|Any CPU
		{CE67550D-C9DF-42DE-AFEC-EE4221AC3A4C}.Release|iPhoneSimulator.Deploy.0 = Release|Any CPU
		{CE67550D-C9DF-42DE-AFEC-EE4221AC3A4C}.Release|x64.ActiveCfg = Release|x64
		{CE67550D-C9DF-42DE-AFEC-EE4221AC3A4C}.Release|x64.Build.0 = Release|x64
		{CE67550D-C9DF-42DE-AFEC-EE4221AC3A4C}.Release|x64.Deploy.0 = Release|x64
		{CE67550D-C9DF-42DE-AFEC-EE4221AC3A4C}.Release|x86.ActiveCfg = Release|x86
		{CE67550D-C9DF-42DE-AFEC-EE4221AC3A4C}.Release|x86.Build.0 = Release|x86
		{CE67550D-C9DF-42DE-AFEC-EE4221AC3A4C}.Release|x86.Deploy.0 = Release|x86
		{281F83A1-AF13-4B44-B595-58545E995A44}.Ad-Hoc|Any CPU.ActiveCfg = Release|Any CPU
		{281F83A1-AF13-4B44-B595-58545E995A44}.Ad-Hoc|Any CPU.Build.0 = Release|Any CPU
		{281F83A1-AF13-4B44-B595-58545E995A44}.Ad-Hoc|ARM.ActiveCfg = Release|Any CPU
		{281F83A1-AF13-4B44-B595-58545E995A44}.Ad-Hoc|ARM.Build.0 = Release|Any CPU
		{281F83A1-AF13-4B44-B595-58545E995A44}.Ad-Hoc|iPhone.ActiveCfg = Release|Any CPU
		{281F83A1-AF13-4B44-B595-58545E995A44}.Ad-Hoc|iPhone.Build.0 = Release|Any CPU
		{281F83A1-AF13-4B44-B595-58545E995A44}.Ad-Hoc|iPhoneSimulator.ActiveCfg = Release|Any CPU
		{281F83A1-AF13-4B44-B595-58545E995A44}.Ad-Hoc|iPhoneSimulator.Build.0 = Release|Any CPU
		{281F83A1-AF13-4B44-B595-58545E995A44}.Ad-Hoc|x64.ActiveCfg = Release|Any CPU
		{281F83A1-AF13-4B44-B595-58545E995A44}.Ad-Hoc|x64.Build.0 = Release|Any CPU
		{281F83A1-AF13-4B44-B595-58545E995A44}.Ad-Hoc|x86.ActiveCfg = Release|Any CPU
		{281F83A1-AF13-4B44-B595-58545E995A44}.Ad-Hoc|x86.Build.0 = Release|Any CPU
		{281F83A1-AF13-4B44-B595-58545E995A44}.AppStore|Any CPU.ActiveCfg = Release|Any CPU
		{281F83A1-AF13-4B44-B595-58545E995A44}.AppStore|Any CPU.Build.0 = Release|Any CPU
		{281F83A1-AF13-4B44-B595-58545E995A44}.AppStore|ARM.ActiveCfg = Release|Any CPU
		{281F83A1-AF13-4B44-B595-58545E995A44}.AppStore|ARM.Build.0 = Release|Any CPU
		{281F83A1-AF13-4B44-B595-58545E995A44}.AppStore|iPhone.ActiveCfg = Release|Any CPU
		{281F83A1-AF13-4B44-B595-58545E995A44}.AppStore|iPhone.Build.0 = Release|Any CPU
		{281F83A1-AF13-4B44-B595-58545E995A44}.AppStore|iPhoneSimulator.ActiveCfg = Release|Any CPU
		{281F83A1-AF13-4B44-B595-58545E995A44}.AppStore|iPhoneSimulator.Build.0 = Release|Any CPU
		{281F83A1-AF13-4B44-B595-58545E995A44}.AppStore|x64.ActiveCfg = Release|Any CPU
		{281F83A1-AF13-4B44-B595-58545E995A44}.AppStore|x64.Build.0 = Release|Any CPU
		{281F83A1-AF13-4B44-B595-58545E995A44}.AppStore|x86.ActiveCfg = Release|Any CPU
		{281F83A1-AF13-4B44-B595-58545E995A44}.AppStore|x86.Build.0 = Release|Any CPU
		{281F83A1-AF13-4B44-B595-58545E995A44}.Debug|Any CPU.ActiveCfg = Debug|Any CPU
		{281F83A1-AF13-4B44-B595-58545E995A44}.Debug|Any CPU.Build.0 = Debug|Any CPU
		{281F83A1-AF13-4B44-B595-58545E995A44}.Debug|ARM.ActiveCfg = Debug|Any CPU
		{281F83A1-AF13-4B44-B595-58545E995A44}.Debug|ARM.Build.0 = Debug|Any CPU
		{281F83A1-AF13-4B44-B595-58545E995A44}.Debug|iPhone.ActiveCfg = Debug|Any CPU
		{281F83A1-AF13-4B44-B595-58545E995A44}.Debug|iPhone.Build.0 = Debug|Any CPU
		{281F83A1-AF13-4B44-B595-58545E995A44}.Debug|iPhoneSimulator.ActiveCfg = Debug|Any CPU
		{281F83A1-AF13-4B44-B595-58545E995A44}.Debug|iPhoneSimulator.Build.0 = Debug|Any CPU
		{281F83A1-AF13-4B44-B595-58545E995A44}.Debug|x64.ActiveCfg = Debug|Any CPU
		{281F83A1-AF13-4B44-B595-58545E995A44}.Debug|x64.Build.0 = Debug|Any CPU
		{281F83A1-AF13-4B44-B595-58545E995A44}.Debug|x86.ActiveCfg = Debug|Any CPU
		{281F83A1-AF13-4B44-B595-58545E995A44}.Debug|x86.Build.0 = Debug|Any CPU
		{281F83A1-AF13-4B44-B595-58545E995A44}.Release|Any CPU.ActiveCfg = Release|Any CPU
		{281F83A1-AF13-4B44-B595-58545E995A44}.Release|Any CPU.Build.0 = Release|Any CPU
		{281F83A1-AF13-4B44-B595-58545E995A44}.Release|ARM.ActiveCfg = Release|Any CPU
		{281F83A1-AF13-4B44-B595-58545E995A44}.Release|ARM.Build.0 = Release|Any CPU
		{281F83A1-AF13-4B44-B595-58545E995A44}.Release|iPhone.ActiveCfg = Release|Any CPU
		{281F83A1-AF13-4B44-B595-58545E995A44}.Release|iPhone.Build.0 = Release|Any CPU
		{281F83A1-AF13-4B44-B595-58545E995A44}.Release|iPhoneSimulator.ActiveCfg = Release|Any CPU
		{281F83A1-AF13-4B44-B595-58545E995A44}.Release|iPhoneSimulator.Build.0 = Release|Any CPU
		{281F83A1-AF13-4B44-B595-58545E995A44}.Release|x64.ActiveCfg = Release|Any CPU
		{281F83A1-AF13-4B44-B595-58545E995A44}.Release|x64.Build.0 = Release|Any CPU
		{281F83A1-AF13-4B44-B595-58545E995A44}.Release|x86.ActiveCfg = Release|Any CPU
		{281F83A1-AF13-4B44-B595-58545E995A44}.Release|x86.Build.0 = Release|Any CPU
		{753A485C-9491-4753-97A9-22BBD410E9BD}.Ad-Hoc|Any CPU.ActiveCfg = Release|Any CPU
		{753A485C-9491-4753-97A9-22BBD410E9BD}.Ad-Hoc|Any CPU.Build.0 = Release|Any CPU
		{753A485C-9491-4753-97A9-22BBD410E9BD}.Ad-Hoc|ARM.ActiveCfg = Release|Any CPU
		{753A485C-9491-4753-97A9-22BBD410E9BD}.Ad-Hoc|ARM.Build.0 = Release|Any CPU
		{753A485C-9491-4753-97A9-22BBD410E9BD}.Ad-Hoc|iPhone.ActiveCfg = Release|Any CPU
		{753A485C-9491-4753-97A9-22BBD410E9BD}.Ad-Hoc|iPhone.Build.0 = Release|Any CPU
		{753A485C-9491-4753-97A9-22BBD410E9BD}.Ad-Hoc|iPhoneSimulator.ActiveCfg = Release|Any CPU
		{753A485C-9491-4753-97A9-22BBD410E9BD}.Ad-Hoc|iPhoneSimulator.Build.0 = Release|Any CPU
		{753A485C-9491-4753-97A9-22BBD410E9BD}.Ad-Hoc|x64.ActiveCfg = Release|Any CPU
		{753A485C-9491-4753-97A9-22BBD410E9BD}.Ad-Hoc|x64.Build.0 = Release|Any CPU
		{753A485C-9491-4753-97A9-22BBD410E9BD}.Ad-Hoc|x86.ActiveCfg = Release|Any CPU
		{753A485C-9491-4753-97A9-22BBD410E9BD}.Ad-Hoc|x86.Build.0 = Release|Any CPU
		{753A485C-9491-4753-97A9-22BBD410E9BD}.AppStore|Any CPU.ActiveCfg = Release|Any CPU
		{753A485C-9491-4753-97A9-22BBD410E9BD}.AppStore|Any CPU.Build.0 = Release|Any CPU
		{753A485C-9491-4753-97A9-22BBD410E9BD}.AppStore|ARM.ActiveCfg = Release|Any CPU
		{753A485C-9491-4753-97A9-22BBD410E9BD}.AppStore|ARM.Build.0 = Release|Any CPU
		{753A485C-9491-4753-97A9-22BBD410E9BD}.AppStore|iPhone.ActiveCfg = Release|Any CPU
		{753A485C-9491-4753-97A9-22BBD410E9BD}.AppStore|iPhone.Build.0 = Release|Any CPU
		{753A485C-9491-4753-97A9-22BBD410E9BD}.AppStore|iPhoneSimulator.ActiveCfg = Release|Any CPU
		{753A485C-9491-4753-97A9-22BBD410E9BD}.AppStore|iPhoneSimulator.Build.0 = Release|Any CPU
		{753A485C-9491-4753-97A9-22BBD410E9BD}.AppStore|x64.ActiveCfg = Release|Any CPU
		{753A485C-9491-4753-97A9-22BBD410E9BD}.AppStore|x64.Build.0 = Release|Any CPU
		{753A485C-9491-4753-97A9-22BBD410E9BD}.AppStore|x86.ActiveCfg = Release|Any CPU
		{753A485C-9491-4753-97A9-22BBD410E9BD}.AppStore|x86.Build.0 = Release|Any CPU
		{753A485C-9491-4753-97A9-22BBD410E9BD}.Debug|Any CPU.ActiveCfg = Debug|Any CPU
		{753A485C-9491-4753-97A9-22BBD410E9BD}.Debug|Any CPU.Build.0 = Debug|Any CPU
		{753A485C-9491-4753-97A9-22BBD410E9BD}.Debug|ARM.ActiveCfg = Debug|Any CPU
		{753A485C-9491-4753-97A9-22BBD410E9BD}.Debug|ARM.Build.0 = Debug|Any CPU
		{753A485C-9491-4753-97A9-22BBD410E9BD}.Debug|iPhone.ActiveCfg = Debug|Any CPU
		{753A485C-9491-4753-97A9-22BBD410E9BD}.Debug|iPhone.Build.0 = Debug|Any CPU
		{753A485C-9491-4753-97A9-22BBD410E9BD}.Debug|iPhoneSimulator.ActiveCfg = Debug|Any CPU
		{753A485C-9491-4753-97A9-22BBD410E9BD}.Debug|iPhoneSimulator.Build.0 = Debug|Any CPU
		{753A485C-9491-4753-97A9-22BBD410E9BD}.Debug|x64.ActiveCfg = Debug|Any CPU
		{753A485C-9491-4753-97A9-22BBD410E9BD}.Debug|x64.Build.0 = Debug|Any CPU
		{753A485C-9491-4753-97A9-22BBD410E9BD}.Debug|x86.ActiveCfg = Debug|Any CPU
		{753A485C-9491-4753-97A9-22BBD410E9BD}.Debug|x86.Build.0 = Debug|Any CPU
		{753A485C-9491-4753-97A9-22BBD410E9BD}.Release|Any CPU.ActiveCfg = Release|Any CPU
		{753A485C-9491-4753-97A9-22BBD410E9BD}.Release|Any CPU.Build.0 = Release|Any CPU
		{753A485C-9491-4753-97A9-22BBD410E9BD}.Release|ARM.ActiveCfg = Release|Any CPU
		{753A485C-9491-4753-97A9-22BBD410E9BD}.Release|ARM.Build.0 = Release|Any CPU
		{753A485C-9491-4753-97A9-22BBD410E9BD}.Release|iPhone.ActiveCfg = Release|Any CPU
		{753A485C-9491-4753-97A9-22BBD410E9BD}.Release|iPhone.Build.0 = Release|Any CPU
		{753A485C-9491-4753-97A9-22BBD410E9BD}.Release|iPhoneSimulator.ActiveCfg = Release|Any CPU
		{753A485C-9491-4753-97A9-22BBD410E9BD}.Release|iPhoneSimulator.Build.0 = Release|Any CPU
		{753A485C-9491-4753-97A9-22BBD410E9BD}.Release|x64.ActiveCfg = Release|Any CPU
		{753A485C-9491-4753-97A9-22BBD410E9BD}.Release|x64.Build.0 = Release|Any CPU
		{753A485C-9491-4753-97A9-22BBD410E9BD}.Release|x86.ActiveCfg = Release|Any CPU
		{753A485C-9491-4753-97A9-22BBD410E9BD}.Release|x86.Build.0 = Release|Any CPU
		{4635E436-5DAF-4EAA-9FC8-C6F1869A2CBE}.Ad-Hoc|Any CPU.ActiveCfg = Release|Any CPU
		{4635E436-5DAF-4EAA-9FC8-C6F1869A2CBE}.Ad-Hoc|Any CPU.Build.0 = Release|Any CPU
		{4635E436-5DAF-4EAA-9FC8-C6F1869A2CBE}.Ad-Hoc|ARM.ActiveCfg = Release|Any CPU
		{4635E436-5DAF-4EAA-9FC8-C6F1869A2CBE}.Ad-Hoc|ARM.Build.0 = Release|Any CPU
		{4635E436-5DAF-4EAA-9FC8-C6F1869A2CBE}.Ad-Hoc|iPhone.ActiveCfg = Release|Any CPU
		{4635E436-5DAF-4EAA-9FC8-C6F1869A2CBE}.Ad-Hoc|iPhone.Build.0 = Release|Any CPU
		{4635E436-5DAF-4EAA-9FC8-C6F1869A2CBE}.Ad-Hoc|iPhoneSimulator.ActiveCfg = Release|Any CPU
		{4635E436-5DAF-4EAA-9FC8-C6F1869A2CBE}.Ad-Hoc|iPhoneSimulator.Build.0 = Release|Any CPU
		{4635E436-5DAF-4EAA-9FC8-C6F1869A2CBE}.Ad-Hoc|x64.ActiveCfg = Release|Any CPU
		{4635E436-5DAF-4EAA-9FC8-C6F1869A2CBE}.Ad-Hoc|x64.Build.0 = Release|Any CPU
		{4635E436-5DAF-4EAA-9FC8-C6F1869A2CBE}.Ad-Hoc|x86.ActiveCfg = Release|Any CPU
		{4635E436-5DAF-4EAA-9FC8-C6F1869A2CBE}.Ad-Hoc|x86.Build.0 = Release|Any CPU
		{4635E436-5DAF-4EAA-9FC8-C6F1869A2CBE}.AppStore|Any CPU.ActiveCfg = Release|Any CPU
		{4635E436-5DAF-4EAA-9FC8-C6F1869A2CBE}.AppStore|Any CPU.Build.0 = Release|Any CPU
		{4635E436-5DAF-4EAA-9FC8-C6F1869A2CBE}.AppStore|ARM.ActiveCfg = Release|Any CPU
		{4635E436-5DAF-4EAA-9FC8-C6F1869A2CBE}.AppStore|ARM.Build.0 = Release|Any CPU
		{4635E436-5DAF-4EAA-9FC8-C6F1869A2CBE}.AppStore|iPhone.ActiveCfg = Release|Any CPU
		{4635E436-5DAF-4EAA-9FC8-C6F1869A2CBE}.AppStore|iPhone.Build.0 = Release|Any CPU
		{4635E436-5DAF-4EAA-9FC8-C6F1869A2CBE}.AppStore|iPhoneSimulator.ActiveCfg = Release|Any CPU
		{4635E436-5DAF-4EAA-9FC8-C6F1869A2CBE}.AppStore|iPhoneSimulator.Build.0 = Release|Any CPU
		{4635E436-5DAF-4EAA-9FC8-C6F1869A2CBE}.AppStore|x64.ActiveCfg = Release|Any CPU
		{4635E436-5DAF-4EAA-9FC8-C6F1869A2CBE}.AppStore|x64.Build.0 = Release|Any CPU
		{4635E436-5DAF-4EAA-9FC8-C6F1869A2CBE}.AppStore|x86.ActiveCfg = Release|Any CPU
		{4635E436-5DAF-4EAA-9FC8-C6F1869A2CBE}.AppStore|x86.Build.0 = Release|Any CPU
		{4635E436-5DAF-4EAA-9FC8-C6F1869A2CBE}.Debug|Any CPU.ActiveCfg = Debug|Any CPU
		{4635E436-5DAF-4EAA-9FC8-C6F1869A2CBE}.Debug|Any CPU.Build.0 = Debug|Any CPU
		{4635E436-5DAF-4EAA-9FC8-C6F1869A2CBE}.Debug|ARM.ActiveCfg = Debug|Any CPU
		{4635E436-5DAF-4EAA-9FC8-C6F1869A2CBE}.Debug|ARM.Build.0 = Debug|Any CPU
		{4635E436-5DAF-4EAA-9FC8-C6F1869A2CBE}.Debug|iPhone.ActiveCfg = Debug|Any CPU
		{4635E436-5DAF-4EAA-9FC8-C6F1869A2CBE}.Debug|iPhone.Build.0 = Debug|Any CPU
		{4635E436-5DAF-4EAA-9FC8-C6F1869A2CBE}.Debug|iPhoneSimulator.ActiveCfg = Debug|Any CPU
		{4635E436-5DAF-4EAA-9FC8-C6F1869A2CBE}.Debug|iPhoneSimulator.Build.0 = Debug|Any CPU
		{4635E436-5DAF-4EAA-9FC8-C6F1869A2CBE}.Debug|x64.ActiveCfg = Debug|Any CPU
		{4635E436-5DAF-4EAA-9FC8-C6F1869A2CBE}.Debug|x64.Build.0 = Debug|Any CPU
		{4635E436-5DAF-4EAA-9FC8-C6F1869A2CBE}.Debug|x86.ActiveCfg = Debug|Any CPU
		{4635E436-5DAF-4EAA-9FC8-C6F1869A2CBE}.Debug|x86.Build.0 = Debug|Any CPU
		{4635E436-5DAF-4EAA-9FC8-C6F1869A2CBE}.Release|Any CPU.ActiveCfg = Release|Any CPU
		{4635E436-5DAF-4EAA-9FC8-C6F1869A2CBE}.Release|Any CPU.Build.0 = Release|Any CPU
		{4635E436-5DAF-4EAA-9FC8-C6F1869A2CBE}.Release|ARM.ActiveCfg = Release|Any CPU
		{4635E436-5DAF-4EAA-9FC8-C6F1869A2CBE}.Release|ARM.Build.0 = Release|Any CPU
		{4635E436-5DAF-4EAA-9FC8-C6F1869A2CBE}.Release|iPhone.ActiveCfg = Release|Any CPU
		{4635E436-5DAF-4EAA-9FC8-C6F1869A2CBE}.Release|iPhone.Build.0 = Release|Any CPU
		{4635E436-5DAF-4EAA-9FC8-C6F1869A2CBE}.Release|iPhoneSimulator.ActiveCfg = Release|Any CPU
		{4635E436-5DAF-4EAA-9FC8-C6F1869A2CBE}.Release|iPhoneSimulator.Build.0 = Release|Any CPU
		{4635E436-5DAF-4EAA-9FC8-C6F1869A2CBE}.Release|x64.ActiveCfg = Release|Any CPU
		{4635E436-5DAF-4EAA-9FC8-C6F1869A2CBE}.Release|x64.Build.0 = Release|Any CPU
		{4635E436-5DAF-4EAA-9FC8-C6F1869A2CBE}.Release|x86.ActiveCfg = Release|Any CPU
		{4635E436-5DAF-4EAA-9FC8-C6F1869A2CBE}.Release|x86.Build.0 = Release|Any CPU
	EndGlobalSection
	GlobalSection(SolutionProperties) = preSolution
		HideSolutionNode = FALSE
	EndGlobalSection
EndGlobal
